
Microsoft Visual Studio Solution File, Format Version 12.00
# Visual Studio Version 17
VisualStudioVersion = 17.8.34330.188
MinimumVisualStudioVersion = 10.0.40219.1
Project("{8BC9CEB8-8B4A-11D0-8D11-00A0C91BC942}") = "RobotBoundedInCircle", "RobotBoundedInCircle\RobotBoundedInCircle.vcxproj", "{71793BCF-1742-4474-A6ED-DB2BA18DB393}"
EndProject
Project("{8BC9CEB8-8B4A-11D0-8D11-00A0C91BC942}") = "MaximumScoreAfterNOperations", "ConsoleApplication1\ConsoleApplication1.vcxproj", "{8E91902D-AE7A-4A9C-8DD2-D4F7C5C2867B}"
EndProject
Project("{8BC9CEB8-8B4A-11D0-8D11-00A0C91BC942}") = "OptimalPartitionOfString", "OptimalPartitionOfString\OptimalPartitionOfString.vcxproj", "{BAEAC4F8-F90D-4ED2-BA41-7CBFA7FDC305}"
EndProject
Project("{8BC9CEB8-8B4A-11D0-8D11-00A0C91BC942}") = "MaximumUnitsOnATruck", "FillTheTruck\FillTheTruck.vcxproj", "{64490D9F-B31B-406A-BC55-D75A7FAE16EE}"
EndProject
Project("{8BC9CEB8-8B4A-11D0-8D11-00A0C91BC942}") = "SlowestKey", "SlowestKey\SlowestKey.vcxproj", "{F96983FB-A289-4D0B-9B9B-78D485C0E05E}"
EndProject
Project("{8BC9CEB8-8B4A-11D0-8D11-00A0C91BC942}") = "LongestSubstringWithoutRepeatingCharacters", "LongestSubstringWithoutRepeatingCharacters\LongestSubstringWithoutRepeatingCharacters.vcxproj", "{F0B0AE15-62CE-431A-9C68-C6B5E78A840D}"
EndProject
Project("{8BC9CEB8-8B4A-11D0-8D11-00A0C91BC942}") = "AmazonOA1", "AmazonOA1\AmazonOA1.vcxproj", "{C3259FA6-40B0-4D03-B5E1-28C25A829C38}"
EndProject
Project("{8BC9CEB8-8B4A-11D0-8D11-00A0C91BC942}") = "AmazonOA2", "AmazonOA2\AmazonOA2.vcxproj", "{5B319B7E-D3A4-4039-BCED-30C9FCEB9DFE}"
EndProject
Project("{8BC9CEB8-8B4A-11D0-8D11-00A0C91BC942}") = "FindTheIndexOfTheFirstOccurrenceInAString", "FindTheIndexOfTheFirstOccurrenceInAString\FindTheIndexOfTheFirstOccurrenceInAString.vcxproj", "{7DC7AE5D-CCE5-410C-8AE5-0F46393AC2FF}"
EndProject
Project("{8BC9CEB8-8B4A-11D0-8D11-00A0C91BC942}") = "BinaryTreeTraversal", "BinaryTreeTraversal\BinaryTreeTraversal.vcxproj", "{11F6B4E1-314F-48D0-81AE-823F850A1A6F}"
EndProject
Project("{8BC9CEB8-8B4A-11D0-8D11-00A0C91BC942}") = "BoundedBlockingQueue", "BoundedBlockingQueue\BoundedBlockingQueue.vcxproj", "{644AE2D2-1967-447E-B73E-AA2973431BF3}"
EndProject
Project("{8BC9CEB8-8B4A-11D0-8D11-00A0C91BC942}") = "FizzBuzzMultithreaded", "FizzBuzzMultithreaded\FizzBuzzMultithreaded.vcxproj", "{9E181903-966B-4C5B-B81C-B08739BA90A5}"
EndProject
Project("{8BC9CEB8-8B4A-11D0-8D11-00A0C91BC942}") = "ManualThreadPool", "ManualThreadPool\ManualThreadPool.vcxproj", "{E8F152E4-FACE-4F68-BCF5-3A4464CD6A61}"
EndProject
Project("{8BC9CEB8-8B4A-11D0-8D11-00A0C91BC942}") = "SumRootToLeafNumber", "SumRootToLeafNumber\SumRootToLeafNumber.vcxproj", "{27794AFC-D483-4E9E-ADB6-94BB3472BEA5}"
EndProject
Project("{8BC9CEB8-8B4A-11D0-8D11-00A0C91BC942}") = "LRUCache", "LRUCache\LRUCache.vcxproj", "{8160E8BA-E916-47F3-8614-D54D68A26FBA}"
EndProject
Project("{8BC9CEB8-8B4A-11D0-8D11-00A0C91BC942}") = "FindMedianFromDataStream", "FindMedianFromDataStream\FindMedianFromDataStream.vcxproj", "{6D95D2CD-04B6-44FF-846C-DBCAADA9DA06}"
EndProject
Project("{8BC9CEB8-8B4A-11D0-8D11-00A0C91BC942}") = "LowestCommonAncestorOfABinaryTree", "LowestCommonAncestorOfABinaryTree\LowestCommonAncestorOfABinaryTree.vcxproj", "{C6CDDCF4-FF8E-4D5C-9609-82D025795106}"
EndProject
Project("{8BC9CEB8-8B4A-11D0-8D11-00A0C91BC942}") = "PairsOfSongsWithTotalDurationsDivisibleBy60", "PairsOfSongsWithTotalDurationsDivisible y 60\PairsOfSongsWithTotalDurationsDivisible y 60.vcxproj", "{AA474BE9-D2B0-428B-A94E-CB21789C72D2}"
EndProject
Project("{8BC9CEB8-8B4A-11D0-8D11-00A0C91BC942}") = "MinimumDifficultyOfAJobSchedule", "MinimumDifficultyOfAJobSchedule\MinimumDifficultyOfAJobSchedule.vcxproj", "{722F236D-BBAC-47A4-B4F2-2CB3963EA265}"
EndProject
Project("{8BC9CEB8-8B4A-11D0-8D11-00A0C91BC942}") = "IslanPerimeter", "IslanPerimeter\IslanPerimeter.vcxproj", "{155017DF-BB3D-49ED-B77C-A840E468FFA6}"
EndProject
Project("{8BC9CEB8-8B4A-11D0-8D11-00A0C91BC942}") = "AmazonOA01_UARTDriver", "UARTDriver\UARTDriver.vcxproj", "{293A7920-B517-4A24-9B20-C47EFF2DC5F9}"
EndProject
Project("{8BC9CEB8-8B4A-11D0-8D11-00A0C91BC942}") = "TransposeGraph", "TransposeGraph\TransposeGraph.vcxproj", "{BDE730DA-51BE-4C8B-A351-7F53565F19F6}"
EndProject
Project("{8BC9CEB8-8B4A-11D0-8D11-00A0C91BC942}") = "GraphTransversal", "GraphTransversal\GraphTransversal.vcxproj", "{EBC464BC-2CF1-46C9-9AE4-195EA84AEA7D}"
EndProject
Project("{8BC9CEB8-8B4A-11D0-8D11-00A0C91BC942}") = "BipatriteGraph", "BipatriteGraph\BipatriteGraph.vcxproj", "{D2D19839-8CE5-4D55-A18B-394AE5099C5B}"
EndProject
Project("{8BC9CEB8-8B4A-11D0-8D11-00A0C91BC942}") = "CyclicDetectionInGraph", "CyclicDetectionInGraph\CyclicDetectionInGraph.vcxproj", "{50DEFA34-B8A8-4E74-8292-9A69CD912085}"
EndProject
Project("{8BC9CEB8-8B4A-11D0-8D11-00A0C91BC942}") = "AmazonOA02_CheckCatalog", "AmazonOA02_CheckCatalog\AmazonOA02_CheckCatalog.vcxproj", "{EE62E90A-0063-4993-BAEF-709B7D79013E}"
EndProject
Project("{8BC9CEB8-8B4A-11D0-8D11-00A0C91BC942}") = "CatalogValidityChatGPT", "CatalogValidityChatGPT\CatalogValidityChatGPT.vcxproj", "{2CAA8C82-EA3B-4A75-9333-90696F2E86DC}"
EndProject
Project("{8BC9CEB8-8B4A-11D0-8D11-00A0C91BC942}") = "DesignAmazonLockers(PickupLocation)", "DesignAmazonLockers(PickupLocation)\DesignAmazonLockers(PickupLocation).vcxproj", "{C154AC86-8839-4ABD-A245-EB9BFEF23D06}"
EndProject
Project("{8BC9CEB8-8B4A-11D0-8D11-00A0C91BC942}") = "AmazonOA03_FindCommanAsAPI", "AmazonOA03_FindCommanAsAPI\AmazonOA03_FindCommanAsAPI.vcxproj", "{65C6C08C-3131-48E1-A2AE-5703AD86CD56}"
EndProject
Project("{8BC9CEB8-8B4A-11D0-8D11-00A0C91BC942}") = "Find", "Find\Find.vcxproj", "{F0D84644-555C-4BD2-94E2-C8EA2CFF3659}"
EndProject
Project("{8BC9CEB8-8B4A-11D0-8D11-00A0C91BC942}") = "AmazonOA04_ProcessHandler", "AmazonOA04_ProcessHandler\AmazonOA04_ProcessHandler.vcxproj", "{FACDC36F-6E21-4FBE-B1E3-276FF69E5C61}"
EndProject
Project("{8BC9CEB8-8B4A-11D0-8D11-00A0C91BC942}") = "DivideAndConquer", "DivideAndConquer\DivideAndConquer.vcxproj", "{8287867B-F4F0-4249-85EA-3F7719B3D412}"
EndProject
Project("{8BC9CEB8-8B4A-11D0-8D11-00A0C91BC942}") = "DesignVendingMachine", "DesignVendingMachine\DesignVendingMachine.vcxproj", "{829B10DB-6F57-4A65-99E3-FDCE924B66C7}"
EndProject
Project("{8BC9CEB8-8B4A-11D0-8D11-00A0C91BC942}") = "AmazonBuildSystemDependency", "AmazonBuildSystemDependency\AmazonBuildSystemDependency.vcxproj", "{BE96FB4E-BEBB-4BBE-A1FD-91BFEF1060D3}"
EndProject
Project("{8BC9CEB8-8B4A-11D0-8D11-00A0C91BC942}") = "MaxSubArray", "MaxSubArray\MaxSubArray.vcxproj", "{057AA668-1AF4-4AAA-8FC6-1734DF65016E}"
EndProject
Project("{8BC9CEB8-8B4A-11D0-8D11-00A0C91BC942}") = "CyclicDetectionInUndirectedGraph", "CyclicDetectionInUndirectedGraph\CyclicDetectionInUndirectedGraph.vcxproj", "{137224CD-90B2-4DB7-9B96-625426DD88B0}"
EndProject
Project("{8BC9CEB8-8B4A-11D0-8D11-00A0C91BC942}") = "WordSearchII", "WordSearchII\WordSearchII.vcxproj", "{9BA2CE78-C48C-4D94-9DB9-4A9DDCCBA5EF}"
EndProject
Project("{8BC9CEB8-8B4A-11D0-8D11-00A0C91BC942}") = "TopologicalSorting", "TopologicalSorting\TopologicalSorting.vcxproj", "{6E90D0E8-FADA-4DCA-AD9F-47923B11E2B7}"
EndProject
Project("{8BC9CEB8-8B4A-11D0-8D11-00A0C91BC942}") = "FibonacciSequenceByDP", "FibonacciSequenceByDP\FibonacciSequenceByDP.vcxproj", "{6F1A640D-ADDB-4A5D-8510-2428C71E5D3C}"
EndProject
Project("{8BC9CEB8-8B4A-11D0-8D11-00A0C91BC942}") = "LongestValidParentheses", "LongestValidParentheses\LongestValidParentheses.vcxproj", "{1BAC353E-2DA4-4A57-858B-071F81A25130}"
EndProject
Project("{8BC9CEB8-8B4A-11D0-8D11-00A0C91BC942}") = "RotateImage", "RotateImage\RotateImage.vcxproj", "{2E8678B7-4CCB-4993-ABAE-BBC4600271FD}"
EndProject
Project("{8BC9CEB8-8B4A-11D0-8D11-00A0C91BC942}") = "PartitionList", "PartitionList\PartitionList.vcxproj", "{F41DA0C4-B0EC-4DAC-86F1-A6D023816CB1}"
EndProject
Project("{8BC9CEB8-8B4A-11D0-8D11-00A0C91BC942}") = "MinumumWindowSubstring", "MinumumWindowSubstring\MinumumWindowSubstring.vcxproj", "{D5EAF5F8-DB05-439E-BA07-201581044085}"
EndProject
Project("{8BC9CEB8-8B4A-11D0-8D11-00A0C91BC942}") = "ShortestPathInBinaryMatrix", "ShortestPathInBinaryMatrix\ShortestPathInBinaryMatrix.vcxproj", "{EAB60DEF-B091-4A78-90DE-A54D4259A626}"
EndProject
Project("{8BC9CEB8-8B4A-11D0-8D11-00A0C91BC942}") = "AddTwoNumbersII", "AddTwoNumbersII\AddTwoNumbersII.vcxproj", "{860115CE-FE79-48D5-8CA6-DC03E8712ECF}"
EndProject
Project("{8BC9CEB8-8B4A-11D0-8D11-00A0C91BC942}") = "AmazonOnlineAssessment1", "AmazonOnlineAssessment1\AmazonOnlineAssessment1.vcxproj", "{E7BA2753-314F-456C-AE61-AB4BFC8210A4}"
EndProject
Project("{8BC9CEB8-8B4A-11D0-8D11-00A0C91BC942}") = "AmazonOnlineAssessment2", "AmazonOnlineAssessment2\AmazonOnlineAssessment2.vcxproj", "{59B94005-CBF5-4B0E-BCEA-F42AB11AAA98}"
EndProject
Project("{2150E333-8FDC-42A3-9474-1A3956D46DE8}") = "OnSite", "OnSite", "{D903BCEA-E1CB-4F4A-86DF-887781D03727}"
EndProject
Project("{8BC9CEB8-8B4A-11D0-8D11-00A0C91BC942}") = "LogicalAndMaintainable", "LogicalAndMaintainable\LogicalAndMaintainable.vcxproj", "{1972E523-2FF7-4AC6-93F3-7921E332F2BD}"
EndProject
Project("{2150E333-8FDC-42A3-9474-1A3956D46DE8}") = "PhoneInterview", "PhoneInterview", "{199AF6D4-5898-4673-8B9D-8CB129100E57}"
EndProject
Project("{8BC9CEB8-8B4A-11D0-8D11-00A0C91BC942}") = "CloneLinkedList", "CloneLinkedList\CloneLinkedList.vcxproj", "{85DFCA2B-AD18-48F9-AED9-CBC3BBA14657}"
EndProject
Global
	GlobalSection(SolutionConfigurationPlatforms) = preSolution
		Debug|x64 = Debug|x64
		Debug|x86 = Debug|x86
		Release|x64 = Release|x64
		Release|x86 = Release|x86
	EndGlobalSection
	GlobalSection(ProjectConfigurationPlatforms) = postSolution
		{71793BCF-1742-4474-A6ED-DB2BA18DB393}.Debug|x64.ActiveCfg = Debug|x64
		{71793BCF-1742-4474-A6ED-DB2BA18DB393}.Debug|x64.Build.0 = Debug|x64
		{71793BCF-1742-4474-A6ED-DB2BA18DB393}.Debug|x86.ActiveCfg = Debug|Win32
		{71793BCF-1742-4474-A6ED-DB2BA18DB393}.Debug|x86.Build.0 = Debug|Win32
		{71793BCF-1742-4474-A6ED-DB2BA18DB393}.Release|x64.ActiveCfg = Release|x64
		{71793BCF-1742-4474-A6ED-DB2BA18DB393}.Release|x64.Build.0 = Release|x64
		{71793BCF-1742-4474-A6ED-DB2BA18DB393}.Release|x86.ActiveCfg = Release|Win32
		{71793BCF-1742-4474-A6ED-DB2BA18DB393}.Release|x86.Build.0 = Release|Win32
		{8E91902D-AE7A-4A9C-8DD2-D4F7C5C2867B}.Debug|x64.ActiveCfg = Debug|x64
		{8E91902D-AE7A-4A9C-8DD2-D4F7C5C2867B}.Debug|x64.Build.0 = Debug|x64
		{8E91902D-AE7A-4A9C-8DD2-D4F7C5C2867B}.Debug|x86.ActiveCfg = Debug|Win32
		{8E91902D-AE7A-4A9C-8DD2-D4F7C5C2867B}.Debug|x86.Build.0 = Debug|Win32
		{8E91902D-AE7A-4A9C-8DD2-D4F7C5C2867B}.Release|x64.ActiveCfg = Release|x64
		{8E91902D-AE7A-4A9C-8DD2-D4F7C5C2867B}.Release|x64.Build.0 = Release|x64
		{8E91902D-AE7A-4A9C-8DD2-D4F7C5C2867B}.Release|x86.ActiveCfg = Release|Win32
		{8E91902D-AE7A-4A9C-8DD2-D4F7C5C2867B}.Release|x86.Build.0 = Release|Win32
		{BAEAC4F8-F90D-4ED2-BA41-7CBFA7FDC305}.Debug|x64.ActiveCfg = Debug|x64
		{BAEAC4F8-F90D-4ED2-BA41-7CBFA7FDC305}.Debug|x64.Build.0 = Debug|x64
		{BAEAC4F8-F90D-4ED2-BA41-7CBFA7FDC305}.Debug|x86.ActiveCfg = Debug|Win32
		{BAEAC4F8-F90D-4ED2-BA41-7CBFA7FDC305}.Debug|x86.Build.0 = Debug|Win32
		{BAEAC4F8-F90D-4ED2-BA41-7CBFA7FDC305}.Release|x64.ActiveCfg = Release|x64
		{BAEAC4F8-F90D-4ED2-BA41-7CBFA7FDC305}.Release|x64.Build.0 = Release|x64
		{BAEAC4F8-F90D-4ED2-BA41-7CBFA7FDC305}.Release|x86.ActiveCfg = Release|Win32
		{BAEAC4F8-F90D-4ED2-BA41-7CBFA7FDC305}.Release|x86.Build.0 = Release|Win32
		{64490D9F-B31B-406A-BC55-D75A7FAE16EE}.Debug|x64.ActiveCfg = Debug|x64
		{64490D9F-B31B-406A-BC55-D75A7FAE16EE}.Debug|x64.Build.0 = Debug|x64
		{64490D9F-B31B-406A-BC55-D75A7FAE16EE}.Debug|x86.ActiveCfg = Debug|Win32
		{64490D9F-B31B-406A-BC55-D75A7FAE16EE}.Debug|x86.Build.0 = Debug|Win32
		{64490D9F-B31B-406A-BC55-D75A7FAE16EE}.Release|x64.ActiveCfg = Release|x64
		{64490D9F-B31B-406A-BC55-D75A7FAE16EE}.Release|x64.Build.0 = Release|x64
		{64490D9F-B31B-406A-BC55-D75A7FAE16EE}.Release|x86.ActiveCfg = Release|Win32
		{64490D9F-B31B-406A-BC55-D75A7FAE16EE}.Release|x86.Build.0 = Release|Win32
		{F96983FB-A289-4D0B-9B9B-78D485C0E05E}.Debug|x64.ActiveCfg = Debug|x64
		{F96983FB-A289-4D0B-9B9B-78D485C0E05E}.Debug|x64.Build.0 = Debug|x64
		{F96983FB-A289-4D0B-9B9B-78D485C0E05E}.Debug|x86.ActiveCfg = Debug|Win32
		{F96983FB-A289-4D0B-9B9B-78D485C0E05E}.Debug|x86.Build.0 = Debug|Win32
		{F96983FB-A289-4D0B-9B9B-78D485C0E05E}.Release|x64.ActiveCfg = Release|x64
		{F96983FB-A289-4D0B-9B9B-78D485C0E05E}.Release|x64.Build.0 = Release|x64
		{F96983FB-A289-4D0B-9B9B-78D485C0E05E}.Release|x86.ActiveCfg = Release|Win32
		{F96983FB-A289-4D0B-9B9B-78D485C0E05E}.Release|x86.Build.0 = Release|Win32
		{F0B0AE15-62CE-431A-9C68-C6B5E78A840D}.Debug|x64.ActiveCfg = Debug|x64
		{F0B0AE15-62CE-431A-9C68-C6B5E78A840D}.Debug|x64.Build.0 = Debug|x64
		{F0B0AE15-62CE-431A-9C68-C6B5E78A840D}.Debug|x86.ActiveCfg = Debug|Win32
		{F0B0AE15-62CE-431A-9C68-C6B5E78A840D}.Debug|x86.Build.0 = Debug|Win32
		{F0B0AE15-62CE-431A-9C68-C6B5E78A840D}.Release|x64.ActiveCfg = Release|x64
		{F0B0AE15-62CE-431A-9C68-C6B5E78A840D}.Release|x64.Build.0 = Release|x64
		{F0B0AE15-62CE-431A-9C68-C6B5E78A840D}.Release|x86.ActiveCfg = Release|Win32
		{F0B0AE15-62CE-431A-9C68-C6B5E78A840D}.Release|x86.Build.0 = Release|Win32
		{C3259FA6-40B0-4D03-B5E1-28C25A829C38}.Debug|x64.ActiveCfg = Debug|x64
		{C3259FA6-40B0-4D03-B5E1-28C25A829C38}.Debug|x64.Build.0 = Debug|x64
		{C3259FA6-40B0-4D03-B5E1-28C25A829C38}.Debug|x86.ActiveCfg = Debug|Win32
		{C3259FA6-40B0-4D03-B5E1-28C25A829C38}.Debug|x86.Build.0 = Debug|Win32
		{C3259FA6-40B0-4D03-B5E1-28C25A829C38}.Release|x64.ActiveCfg = Release|x64
		{C3259FA6-40B0-4D03-B5E1-28C25A829C38}.Release|x64.Build.0 = Release|x64
		{C3259FA6-40B0-4D03-B5E1-28C25A829C38}.Release|x86.ActiveCfg = Release|Win32
		{C3259FA6-40B0-4D03-B5E1-28C25A829C38}.Release|x86.Build.0 = Release|Win32
		{5B319B7E-D3A4-4039-BCED-30C9FCEB9DFE}.Debug|x64.ActiveCfg = Debug|x64
		{5B319B7E-D3A4-4039-BCED-30C9FCEB9DFE}.Debug|x64.Build.0 = Debug|x64
		{5B319B7E-D3A4-4039-BCED-30C9FCEB9DFE}.Debug|x86.ActiveCfg = Debug|Win32
		{5B319B7E-D3A4-4039-BCED-30C9FCEB9DFE}.Debug|x86.Build.0 = Debug|Win32
		{5B319B7E-D3A4-4039-BCED-30C9FCEB9DFE}.Release|x64.ActiveCfg = Release|x64
		{5B319B7E-D3A4-4039-BCED-30C9FCEB9DFE}.Release|x64.Build.0 = Release|x64
		{5B319B7E-D3A4-4039-BCED-30C9FCEB9DFE}.Release|x86.ActiveCfg = Release|Win32
		{5B319B7E-D3A4-4039-BCED-30C9FCEB9DFE}.Release|x86.Build.0 = Release|Win32
		{7DC7AE5D-CCE5-410C-8AE5-0F46393AC2FF}.Debug|x64.ActiveCfg = Debug|x64
		{7DC7AE5D-CCE5-410C-8AE5-0F46393AC2FF}.Debug|x64.Build.0 = Debug|x64
		{7DC7AE5D-CCE5-410C-8AE5-0F46393AC2FF}.Debug|x86.ActiveCfg = Debug|Win32
		{7DC7AE5D-CCE5-410C-8AE5-0F46393AC2FF}.Debug|x86.Build.0 = Debug|Win32
		{7DC7AE5D-CCE5-410C-8AE5-0F46393AC2FF}.Release|x64.ActiveCfg = Release|x64
		{7DC7AE5D-CCE5-410C-8AE5-0F46393AC2FF}.Release|x64.Build.0 = Release|x64
		{7DC7AE5D-CCE5-410C-8AE5-0F46393AC2FF}.Release|x86.ActiveCfg = Release|Win32
		{7DC7AE5D-CCE5-410C-8AE5-0F46393AC2FF}.Release|x86.Build.0 = Release|Win32
		{11F6B4E1-314F-48D0-81AE-823F850A1A6F}.Debug|x64.ActiveCfg = Debug|x64
		{11F6B4E1-314F-48D0-81AE-823F850A1A6F}.Debug|x64.Build.0 = Debug|x64
		{11F6B4E1-314F-48D0-81AE-823F850A1A6F}.Debug|x86.ActiveCfg = Debug|Win32
		{11F6B4E1-314F-48D0-81AE-823F850A1A6F}.Debug|x86.Build.0 = Debug|Win32
		{11F6B4E1-314F-48D0-81AE-823F850A1A6F}.Release|x64.ActiveCfg = Release|x64
		{11F6B4E1-314F-48D0-81AE-823F850A1A6F}.Release|x64.Build.0 = Release|x64
		{11F6B4E1-314F-48D0-81AE-823F850A1A6F}.Release|x86.ActiveCfg = Release|Win32
		{11F6B4E1-314F-48D0-81AE-823F850A1A6F}.Release|x86.Build.0 = Release|Win32
		{644AE2D2-1967-447E-B73E-AA2973431BF3}.Debug|x64.ActiveCfg = Debug|x64
		{644AE2D2-1967-447E-B73E-AA2973431BF3}.Debug|x64.Build.0 = Debug|x64
		{644AE2D2-1967-447E-B73E-AA2973431BF3}.Debug|x86.ActiveCfg = Debug|Win32
		{644AE2D2-1967-447E-B73E-AA2973431BF3}.Debug|x86.Build.0 = Debug|Win32
		{644AE2D2-1967-447E-B73E-AA2973431BF3}.Release|x64.ActiveCfg = Release|x64
		{644AE2D2-1967-447E-B73E-AA2973431BF3}.Release|x64.Build.0 = Release|x64
		{644AE2D2-1967-447E-B73E-AA2973431BF3}.Release|x86.ActiveCfg = Release|Win32
		{644AE2D2-1967-447E-B73E-AA2973431BF3}.Release|x86.Build.0 = Release|Win32
		{9E181903-966B-4C5B-B81C-B08739BA90A5}.Debug|x64.ActiveCfg = Debug|x64
		{9E181903-966B-4C5B-B81C-B08739BA90A5}.Debug|x64.Build.0 = Debug|x64
		{9E181903-966B-4C5B-B81C-B08739BA90A5}.Debug|x86.ActiveCfg = Debug|Win32
		{9E181903-966B-4C5B-B81C-B08739BA90A5}.Debug|x86.Build.0 = Debug|Win32
		{9E181903-966B-4C5B-B81C-B08739BA90A5}.Release|x64.ActiveCfg = Release|x64
		{9E181903-966B-4C5B-B81C-B08739BA90A5}.Release|x64.Build.0 = Release|x64
		{9E181903-966B-4C5B-B81C-B08739BA90A5}.Release|x86.ActiveCfg = Release|Win32
		{9E181903-966B-4C5B-B81C-B08739BA90A5}.Release|x86.Build.0 = Release|Win32
		{E8F152E4-FACE-4F68-BCF5-3A4464CD6A61}.Debug|x64.ActiveCfg = Debug|x64
		{E8F152E4-FACE-4F68-BCF5-3A4464CD6A61}.Debug|x64.Build.0 = Debug|x64
		{E8F152E4-FACE-4F68-BCF5-3A4464CD6A61}.Debug|x86.ActiveCfg = Debug|Win32
		{E8F152E4-FACE-4F68-BCF5-3A4464CD6A61}.Debug|x86.Build.0 = Debug|Win32
		{E8F152E4-FACE-4F68-BCF5-3A4464CD6A61}.Release|x64.ActiveCfg = Release|x64
		{E8F152E4-FACE-4F68-BCF5-3A4464CD6A61}.Release|x64.Build.0 = Release|x64
		{E8F152E4-FACE-4F68-BCF5-3A4464CD6A61}.Release|x86.ActiveCfg = Release|Win32
		{E8F152E4-FACE-4F68-BCF5-3A4464CD6A61}.Release|x86.Build.0 = Release|Win32
		{27794AFC-D483-4E9E-ADB6-94BB3472BEA5}.Debug|x64.ActiveCfg = Debug|x64
		{27794AFC-D483-4E9E-ADB6-94BB3472BEA5}.Debug|x64.Build.0 = Debug|x64
		{27794AFC-D483-4E9E-ADB6-94BB3472BEA5}.Debug|x86.ActiveCfg = Debug|Win32
		{27794AFC-D483-4E9E-ADB6-94BB3472BEA5}.Debug|x86.Build.0 = Debug|Win32
		{27794AFC-D483-4E9E-ADB6-94BB3472BEA5}.Release|x64.ActiveCfg = Release|x64
		{27794AFC-D483-4E9E-ADB6-94BB3472BEA5}.Release|x64.Build.0 = Release|x64
		{27794AFC-D483-4E9E-ADB6-94BB3472BEA5}.Release|x86.ActiveCfg = Release|Win32
		{27794AFC-D483-4E9E-ADB6-94BB3472BEA5}.Release|x86.Build.0 = Release|Win32
		{8160E8BA-E916-47F3-8614-D54D68A26FBA}.Debug|x64.ActiveCfg = Debug|x64
		{8160E8BA-E916-47F3-8614-D54D68A26FBA}.Debug|x64.Build.0 = Debug|x64
		{8160E8BA-E916-47F3-8614-D54D68A26FBA}.Debug|x86.ActiveCfg = Debug|Win32
		{8160E8BA-E916-47F3-8614-D54D68A26FBA}.Debug|x86.Build.0 = Debug|Win32
		{8160E8BA-E916-47F3-8614-D54D68A26FBA}.Release|x64.ActiveCfg = Release|x64
		{8160E8BA-E916-47F3-8614-D54D68A26FBA}.Release|x64.Build.0 = Release|x64
		{8160E8BA-E916-47F3-8614-D54D68A26FBA}.Release|x86.ActiveCfg = Release|Win32
		{8160E8BA-E916-47F3-8614-D54D68A26FBA}.Release|x86.Build.0 = Release|Win32
		{6D95D2CD-04B6-44FF-846C-DBCAADA9DA06}.Debug|x64.ActiveCfg = Debug|x64
		{6D95D2CD-04B6-44FF-846C-DBCAADA9DA06}.Debug|x64.Build.0 = Debug|x64
		{6D95D2CD-04B6-44FF-846C-DBCAADA9DA06}.Debug|x86.ActiveCfg = Debug|Win32
		{6D95D2CD-04B6-44FF-846C-DBCAADA9DA06}.Debug|x86.Build.0 = Debug|Win32
		{6D95D2CD-04B6-44FF-846C-DBCAADA9DA06}.Release|x64.ActiveCfg = Release|x64
		{6D95D2CD-04B6-44FF-846C-DBCAADA9DA06}.Release|x64.Build.0 = Release|x64
		{6D95D2CD-04B6-44FF-846C-DBCAADA9DA06}.Release|x86.ActiveCfg = Release|Win32
		{6D95D2CD-04B6-44FF-846C-DBCAADA9DA06}.Release|x86.Build.0 = Release|Win32
		{C6CDDCF4-FF8E-4D5C-9609-82D025795106}.Debug|x64.ActiveCfg = Debug|x64
		{C6CDDCF4-FF8E-4D5C-9609-82D025795106}.Debug|x64.Build.0 = Debug|x64
		{C6CDDCF4-FF8E-4D5C-9609-82D025795106}.Debug|x86.ActiveCfg = Debug|Win32
		{C6CDDCF4-FF8E-4D5C-9609-82D025795106}.Debug|x86.Build.0 = Debug|Win32
		{C6CDDCF4-FF8E-4D5C-9609-82D025795106}.Release|x64.ActiveCfg = Release|x64
		{C6CDDCF4-FF8E-4D5C-9609-82D025795106}.Release|x64.Build.0 = Release|x64
		{C6CDDCF4-FF8E-4D5C-9609-82D025795106}.Release|x86.ActiveCfg = Release|Win32
		{C6CDDCF4-FF8E-4D5C-9609-82D025795106}.Release|x86.Build.0 = Release|Win32
		{AA474BE9-D2B0-428B-A94E-CB21789C72D2}.Debug|x64.ActiveCfg = Debug|x64
		{AA474BE9-D2B0-428B-A94E-CB21789C72D2}.Debug|x64.Build.0 = Debug|x64
		{AA474BE9-D2B0-428B-A94E-CB21789C72D2}.Debug|x86.ActiveCfg = Debug|Win32
		{AA474BE9-D2B0-428B-A94E-CB21789C72D2}.Debug|x86.Build.0 = Debug|Win32
		{AA474BE9-D2B0-428B-A94E-CB21789C72D2}.Release|x64.ActiveCfg = Release|x64
		{AA474BE9-D2B0-428B-A94E-CB21789C72D2}.Release|x64.Build.0 = Release|x64
		{AA474BE9-D2B0-428B-A94E-CB21789C72D2}.Release|x86.ActiveCfg = Release|Win32
		{AA474BE9-D2B0-428B-A94E-CB21789C72D2}.Release|x86.Build.0 = Release|Win32
		{722F236D-BBAC-47A4-B4F2-2CB3963EA265}.Debug|x64.ActiveCfg = Debug|x64
		{722F236D-BBAC-47A4-B4F2-2CB3963EA265}.Debug|x64.Build.0 = Debug|x64
		{722F236D-BBAC-47A4-B4F2-2CB3963EA265}.Debug|x86.ActiveCfg = Debug|Win32
		{722F236D-BBAC-47A4-B4F2-2CB3963EA265}.Debug|x86.Build.0 = Debug|Win32
		{722F236D-BBAC-47A4-B4F2-2CB3963EA265}.Release|x64.ActiveCfg = Release|x64
		{722F236D-BBAC-47A4-B4F2-2CB3963EA265}.Release|x64.Build.0 = Release|x64
		{722F236D-BBAC-47A4-B4F2-2CB3963EA265}.Release|x86.ActiveCfg = Release|Win32
		{722F236D-BBAC-47A4-B4F2-2CB3963EA265}.Release|x86.Build.0 = Release|Win32
		{155017DF-BB3D-49ED-B77C-A840E468FFA6}.Debug|x64.ActiveCfg = Debug|x64
		{155017DF-BB3D-49ED-B77C-A840E468FFA6}.Debug|x64.Build.0 = Debug|x64
		{155017DF-BB3D-49ED-B77C-A840E468FFA6}.Debug|x86.ActiveCfg = Debug|Win32
		{155017DF-BB3D-49ED-B77C-A840E468FFA6}.Debug|x86.Build.0 = Debug|Win32
		{155017DF-BB3D-49ED-B77C-A840E468FFA6}.Release|x64.ActiveCfg = Release|x64
		{155017DF-BB3D-49ED-B77C-A840E468FFA6}.Release|x64.Build.0 = Release|x64
		{155017DF-BB3D-49ED-B77C-A840E468FFA6}.Release|x86.ActiveCfg = Release|Win32
		{155017DF-BB3D-49ED-B77C-A840E468FFA6}.Release|x86.Build.0 = Release|Win32
		{293A7920-B517-4A24-9B20-C47EFF2DC5F9}.Debug|x64.ActiveCfg = Debug|x64
		{293A7920-B517-4A24-9B20-C47EFF2DC5F9}.Debug|x64.Build.0 = Debug|x64
		{293A7920-B517-4A24-9B20-C47EFF2DC5F9}.Debug|x86.ActiveCfg = Debug|Win32
		{293A7920-B517-4A24-9B20-C47EFF2DC5F9}.Debug|x86.Build.0 = Debug|Win32
		{293A7920-B517-4A24-9B20-C47EFF2DC5F9}.Release|x64.ActiveCfg = Release|x64
		{293A7920-B517-4A24-9B20-C47EFF2DC5F9}.Release|x64.Build.0 = Release|x64
		{293A7920-B517-4A24-9B20-C47EFF2DC5F9}.Release|x86.ActiveCfg = Release|Win32
		{293A7920-B517-4A24-9B20-C47EFF2DC5F9}.Release|x86.Build.0 = Release|Win32
		{BDE730DA-51BE-4C8B-A351-7F53565F19F6}.Debug|x64.ActiveCfg = Debug|x64
		{BDE730DA-51BE-4C8B-A351-7F53565F19F6}.Debug|x64.Build.0 = Debug|x64
		{BDE730DA-51BE-4C8B-A351-7F53565F19F6}.Debug|x86.ActiveCfg = Debug|Win32
		{BDE730DA-51BE-4C8B-A351-7F53565F19F6}.Debug|x86.Build.0 = Debug|Win32
		{BDE730DA-51BE-4C8B-A351-7F53565F19F6}.Release|x64.ActiveCfg = Release|x64
		{BDE730DA-51BE-4C8B-A351-7F53565F19F6}.Release|x64.Build.0 = Release|x64
		{BDE730DA-51BE-4C8B-A351-7F53565F19F6}.Release|x86.ActiveCfg = Release|Win32
		{BDE730DA-51BE-4C8B-A351-7F53565F19F6}.Release|x86.Build.0 = Release|Win32
		{EBC464BC-2CF1-46C9-9AE4-195EA84AEA7D}.Debug|x64.ActiveCfg = Debug|x64
		{EBC464BC-2CF1-46C9-9AE4-195EA84AEA7D}.Debug|x64.Build.0 = Debug|x64
		{EBC464BC-2CF1-46C9-9AE4-195EA84AEA7D}.Debug|x86.ActiveCfg = Debug|Win32
		{EBC464BC-2CF1-46C9-9AE4-195EA84AEA7D}.Debug|x86.Build.0 = Debug|Win32
		{EBC464BC-2CF1-46C9-9AE4-195EA84AEA7D}.Release|x64.ActiveCfg = Release|x64
		{EBC464BC-2CF1-46C9-9AE4-195EA84AEA7D}.Release|x64.Build.0 = Release|x64
		{EBC464BC-2CF1-46C9-9AE4-195EA84AEA7D}.Release|x86.ActiveCfg = Release|Win32
		{EBC464BC-2CF1-46C9-9AE4-195EA84AEA7D}.Release|x86.Build.0 = Release|Win32
		{D2D19839-8CE5-4D55-A18B-394AE5099C5B}.Debug|x64.ActiveCfg = Debug|x64
		{D2D19839-8CE5-4D55-A18B-394AE5099C5B}.Debug|x64.Build.0 = Debug|x64
		{D2D19839-8CE5-4D55-A18B-394AE5099C5B}.Debug|x86.ActiveCfg = Debug|Win32
		{D2D19839-8CE5-4D55-A18B-394AE5099C5B}.Debug|x86.Build.0 = Debug|Win32
		{D2D19839-8CE5-4D55-A18B-394AE5099C5B}.Release|x64.ActiveCfg = Release|x64
		{D2D19839-8CE5-4D55-A18B-394AE5099C5B}.Release|x64.Build.0 = Release|x64
		{D2D19839-8CE5-4D55-A18B-394AE5099C5B}.Release|x86.ActiveCfg = Release|Win32
		{D2D19839-8CE5-4D55-A18B-394AE5099C5B}.Release|x86.Build.0 = Release|Win32
		{50DEFA34-B8A8-4E74-8292-9A69CD912085}.Debug|x64.ActiveCfg = Debug|x64
		{50DEFA34-B8A8-4E74-8292-9A69CD912085}.Debug|x64.Build.0 = Debug|x64
		{50DEFA34-B8A8-4E74-8292-9A69CD912085}.Debug|x86.ActiveCfg = Debug|Win32
		{50DEFA34-B8A8-4E74-8292-9A69CD912085}.Debug|x86.Build.0 = Debug|Win32
		{50DEFA34-B8A8-4E74-8292-9A69CD912085}.Release|x64.ActiveCfg = Release|x64
		{50DEFA34-B8A8-4E74-8292-9A69CD912085}.Release|x64.Build.0 = Release|x64
		{50DEFA34-B8A8-4E74-8292-9A69CD912085}.Release|x86.ActiveCfg = Release|Win32
		{50DEFA34-B8A8-4E74-8292-9A69CD912085}.Release|x86.Build.0 = Release|Win32
		{EE62E90A-0063-4993-BAEF-709B7D79013E}.Debug|x64.ActiveCfg = Debug|x64
		{EE62E90A-0063-4993-BAEF-709B7D79013E}.Debug|x64.Build.0 = Debug|x64
		{EE62E90A-0063-4993-BAEF-709B7D79013E}.Debug|x86.ActiveCfg = Debug|Win32
		{EE62E90A-0063-4993-BAEF-709B7D79013E}.Debug|x86.Build.0 = Debug|Win32
		{EE62E90A-0063-4993-BAEF-709B7D79013E}.Release|x64.ActiveCfg = Release|x64
		{EE62E90A-0063-4993-BAEF-709B7D79013E}.Release|x64.Build.0 = Release|x64
		{EE62E90A-0063-4993-BAEF-709B7D79013E}.Release|x86.ActiveCfg = Release|Win32
		{EE62E90A-0063-4993-BAEF-709B7D79013E}.Release|x86.Build.0 = Release|Win32
		{2CAA8C82-EA3B-4A75-9333-90696F2E86DC}.Debug|x64.ActiveCfg = Debug|x64
		{2CAA8C82-EA3B-4A75-9333-90696F2E86DC}.Debug|x64.Build.0 = Debug|x64
		{2CAA8C82-EA3B-4A75-9333-90696F2E86DC}.Debug|x86.ActiveCfg = Debug|Win32
		{2CAA8C82-EA3B-4A75-9333-90696F2E86DC}.Debug|x86.Build.0 = Debug|Win32
		{2CAA8C82-EA3B-4A75-9333-90696F2E86DC}.Release|x64.ActiveCfg = Release|x64
		{2CAA8C82-EA3B-4A75-9333-90696F2E86DC}.Release|x64.Build.0 = Release|x64
		{2CAA8C82-EA3B-4A75-9333-90696F2E86DC}.Release|x86.ActiveCfg = Release|Win32
		{2CAA8C82-EA3B-4A75-9333-90696F2E86DC}.Release|x86.Build.0 = Release|Win32
		{C154AC86-8839-4ABD-A245-EB9BFEF23D06}.Debug|x64.ActiveCfg = Debug|x64
		{C154AC86-8839-4ABD-A245-EB9BFEF23D06}.Debug|x64.Build.0 = Debug|x64
		{C154AC86-8839-4ABD-A245-EB9BFEF23D06}.Debug|x86.ActiveCfg = Debug|Win32
		{C154AC86-8839-4ABD-A245-EB9BFEF23D06}.Debug|x86.Build.0 = Debug|Win32
		{C154AC86-8839-4ABD-A245-EB9BFEF23D06}.Release|x64.ActiveCfg = Release|x64
		{C154AC86-8839-4ABD-A245-EB9BFEF23D06}.Release|x64.Build.0 = Release|x64
		{C154AC86-8839-4ABD-A245-EB9BFEF23D06}.Release|x86.ActiveCfg = Release|Win32
		{C154AC86-8839-4ABD-A245-EB9BFEF23D06}.Release|x86.Build.0 = Release|Win32
		{65C6C08C-3131-48E1-A2AE-5703AD86CD56}.Debug|x64.ActiveCfg = Debug|x64
		{65C6C08C-3131-48E1-A2AE-5703AD86CD56}.Debug|x64.Build.0 = Debug|x64
		{65C6C08C-3131-48E1-A2AE-5703AD86CD56}.Debug|x86.ActiveCfg = Debug|Win32
		{65C6C08C-3131-48E1-A2AE-5703AD86CD56}.Debug|x86.Build.0 = Debug|Win32
		{65C6C08C-3131-48E1-A2AE-5703AD86CD56}.Release|x64.ActiveCfg = Release|x64
		{65C6C08C-3131-48E1-A2AE-5703AD86CD56}.Release|x64.Build.0 = Release|x64
		{65C6C08C-3131-48E1-A2AE-5703AD86CD56}.Release|x86.ActiveCfg = Release|Win32
		{65C6C08C-3131-48E1-A2AE-5703AD86CD56}.Release|x86.Build.0 = Release|Win32
		{F0D84644-555C-4BD2-94E2-C8EA2CFF3659}.Debug|x64.ActiveCfg = Debug|x64
		{F0D84644-555C-4BD2-94E2-C8EA2CFF3659}.Debug|x64.Build.0 = Debug|x64
		{F0D84644-555C-4BD2-94E2-C8EA2CFF3659}.Debug|x86.ActiveCfg = Debug|Win32
		{F0D84644-555C-4BD2-94E2-C8EA2CFF3659}.Debug|x86.Build.0 = Debug|Win32
		{F0D84644-555C-4BD2-94E2-C8EA2CFF3659}.Release|x64.ActiveCfg = Release|x64
		{F0D84644-555C-4BD2-94E2-C8EA2CFF3659}.Release|x64.Build.0 = Release|x64
		{F0D84644-555C-4BD2-94E2-C8EA2CFF3659}.Release|x86.ActiveCfg = Release|Win32
		{F0D84644-555C-4BD2-94E2-C8EA2CFF3659}.Release|x86.Build.0 = Release|Win32
		{FACDC36F-6E21-4FBE-B1E3-276FF69E5C61}.Debug|x64.ActiveCfg = Debug|x64
		{FACDC36F-6E21-4FBE-B1E3-276FF69E5C61}.Debug|x64.Build.0 = Debug|x64
		{FACDC36F-6E21-4FBE-B1E3-276FF69E5C61}.Debug|x86.ActiveCfg = Debug|Win32
		{FACDC36F-6E21-4FBE-B1E3-276FF69E5C61}.Debug|x86.Build.0 = Debug|Win32
		{FACDC36F-6E21-4FBE-B1E3-276FF69E5C61}.Release|x64.ActiveCfg = Release|x64
		{FACDC36F-6E21-4FBE-B1E3-276FF69E5C61}.Release|x64.Build.0 = Release|x64
		{FACDC36F-6E21-4FBE-B1E3-276FF69E5C61}.Release|x86.ActiveCfg = Release|Win32
		{FACDC36F-6E21-4FBE-B1E3-276FF69E5C61}.Release|x86.Build.0 = Release|Win32
		{8287867B-F4F0-4249-85EA-3F7719B3D412}.Debug|x64.ActiveCfg = Debug|x64
		{8287867B-F4F0-4249-85EA-3F7719B3D412}.Debug|x64.Build.0 = Debug|x64
		{8287867B-F4F0-4249-85EA-3F7719B3D412}.Debug|x86.ActiveCfg = Debug|Win32
		{8287867B-F4F0-4249-85EA-3F7719B3D412}.Debug|x86.Build.0 = Debug|Win32
		{8287867B-F4F0-4249-85EA-3F7719B3D412}.Release|x64.ActiveCfg = Release|x64
		{8287867B-F4F0-4249-85EA-3F7719B3D412}.Release|x64.Build.0 = Release|x64
		{8287867B-F4F0-4249-85EA-3F7719B3D412}.Release|x86.ActiveCfg = Release|Win32
		{8287867B-F4F0-4249-85EA-3F7719B3D412}.Release|x86.Build.0 = Release|Win32
		{829B10DB-6F57-4A65-99E3-FDCE924B66C7}.Debug|x64.ActiveCfg = Debug|x64
		{829B10DB-6F57-4A65-99E3-FDCE924B66C7}.Debug|x64.Build.0 = Debug|x64
		{829B10DB-6F57-4A65-99E3-FDCE924B66C7}.Debug|x86.ActiveCfg = Debug|Win32
		{829B10DB-6F57-4A65-99E3-FDCE924B66C7}.Debug|x86.Build.0 = Debug|Win32
		{829B10DB-6F57-4A65-99E3-FDCE924B66C7}.Release|x64.ActiveCfg = Release|x64
		{829B10DB-6F57-4A65-99E3-FDCE924B66C7}.Release|x64.Build.0 = Release|x64
		{829B10DB-6F57-4A65-99E3-FDCE924B66C7}.Release|x86.ActiveCfg = Release|Win32
		{829B10DB-6F57-4A65-99E3-FDCE924B66C7}.Release|x86.Build.0 = Release|Win32
		{BE96FB4E-BEBB-4BBE-A1FD-91BFEF1060D3}.Debug|x64.ActiveCfg = Debug|x64
		{BE96FB4E-BEBB-4BBE-A1FD-91BFEF1060D3}.Debug|x64.Build.0 = Debug|x64
		{BE96FB4E-BEBB-4BBE-A1FD-91BFEF1060D3}.Debug|x86.ActiveCfg = Debug|Win32
		{BE96FB4E-BEBB-4BBE-A1FD-91BFEF1060D3}.Debug|x86.Build.0 = Debug|Win32
		{BE96FB4E-BEBB-4BBE-A1FD-91BFEF1060D3}.Release|x64.ActiveCfg = Release|x64
		{BE96FB4E-BEBB-4BBE-A1FD-91BFEF1060D3}.Release|x64.Build.0 = Release|x64
		{BE96FB4E-BEBB-4BBE-A1FD-91BFEF1060D3}.Release|x86.ActiveCfg = Release|Win32
		{BE96FB4E-BEBB-4BBE-A1FD-91BFEF1060D3}.Release|x86.Build.0 = Release|Win32
		{057AA668-1AF4-4AAA-8FC6-1734DF65016E}.Debug|x64.ActiveCfg = Debug|x64
		{057AA668-1AF4-4AAA-8FC6-1734DF65016E}.Debug|x64.Build.0 = Debug|x64
		{057AA668-1AF4-4AAA-8FC6-1734DF65016E}.Debug|x86.ActiveCfg = Debug|Win32
		{057AA668-1AF4-4AAA-8FC6-1734DF65016E}.Debug|x86.Build.0 = Debug|Win32
		{057AA668-1AF4-4AAA-8FC6-1734DF65016E}.Release|x64.ActiveCfg = Release|x64
		{057AA668-1AF4-4AAA-8FC6-1734DF65016E}.Release|x64.Build.0 = Release|x64
		{057AA668-1AF4-4AAA-8FC6-1734DF65016E}.Release|x86.ActiveCfg = Release|Win32
		{057AA668-1AF4-4AAA-8FC6-1734DF65016E}.Release|x86.Build.0 = Release|Win32
		{137224CD-90B2-4DB7-9B96-625426DD88B0}.Debug|x64.ActiveCfg = Debug|x64
		{137224CD-90B2-4DB7-9B96-625426DD88B0}.Debug|x64.Build.0 = Debug|x64
		{137224CD-90B2-4DB7-9B96-625426DD88B0}.Debug|x86.ActiveCfg = Debug|Win32
		{137224CD-90B2-4DB7-9B96-625426DD88B0}.Debug|x86.Build.0 = Debug|Win32
		{137224CD-90B2-4DB7-9B96-625426DD88B0}.Release|x64.ActiveCfg = Release|x64
		{137224CD-90B2-4DB7-9B96-625426DD88B0}.Release|x64.Build.0 = Release|x64
		{137224CD-90B2-4DB7-9B96-625426DD88B0}.Release|x86.ActiveCfg = Release|Win32
		{137224CD-90B2-4DB7-9B96-625426DD88B0}.Release|x86.Build.0 = Release|Win32
		{9BA2CE78-C48C-4D94-9DB9-4A9DDCCBA5EF}.Debug|x64.ActiveCfg = Debug|x64
		{9BA2CE78-C48C-4D94-9DB9-4A9DDCCBA5EF}.Debug|x64.Build.0 = Debug|x64
		{9BA2CE78-C48C-4D94-9DB9-4A9DDCCBA5EF}.Debug|x86.ActiveCfg = Debug|Win32
		{9BA2CE78-C48C-4D94-9DB9-4A9DDCCBA5EF}.Debug|x86.Build.0 = Debug|Win32
		{9BA2CE78-C48C-4D94-9DB9-4A9DDCCBA5EF}.Release|x64.ActiveCfg = Release|x64
		{9BA2CE78-C48C-4D94-9DB9-4A9DDCCBA5EF}.Release|x64.Build.0 = Release|x64
		{9BA2CE78-C48C-4D94-9DB9-4A9DDCCBA5EF}.Release|x86.ActiveCfg = Release|Win32
		{9BA2CE78-C48C-4D94-9DB9-4A9DDCCBA5EF}.Release|x86.Build.0 = Release|Win32
		{6E90D0E8-FADA-4DCA-AD9F-47923B11E2B7}.Debug|x64.ActiveCfg = Debug|x64
		{6E90D0E8-FADA-4DCA-AD9F-47923B11E2B7}.Debug|x64.Build.0 = Debug|x64
		{6E90D0E8-FADA-4DCA-AD9F-47923B11E2B7}.Debug|x86.ActiveCfg = Debug|Win32
		{6E90D0E8-FADA-4DCA-AD9F-47923B11E2B7}.Debug|x86.Build.0 = Debug|Win32
		{6E90D0E8-FADA-4DCA-AD9F-47923B11E2B7}.Release|x64.ActiveCfg = Release|x64
		{6E90D0E8-FADA-4DCA-AD9F-47923B11E2B7}.Release|x64.Build.0 = Release|x64
		{6E90D0E8-FADA-4DCA-AD9F-47923B11E2B7}.Release|x86.ActiveCfg = Release|Win32
		{6E90D0E8-FADA-4DCA-AD9F-47923B11E2B7}.Release|x86.Build.0 = Release|Win32
		{6F1A640D-ADDB-4A5D-8510-2428C71E5D3C}.Debug|x64.ActiveCfg = Debug|x64
		{6F1A640D-ADDB-4A5D-8510-2428C71E5D3C}.Debug|x64.Build.0 = Debug|x64
		{6F1A640D-ADDB-4A5D-8510-2428C71E5D3C}.Debug|x86.ActiveCfg = Debug|Win32
		{6F1A640D-ADDB-4A5D-8510-2428C71E5D3C}.Debug|x86.Build.0 = Debug|Win32
		{6F1A640D-ADDB-4A5D-8510-2428C71E5D3C}.Release|x64.ActiveCfg = Release|x64
		{6F1A640D-ADDB-4A5D-8510-2428C71E5D3C}.Release|x64.Build.0 = Release|x64
		{6F1A640D-ADDB-4A5D-8510-2428C71E5D3C}.Release|x86.ActiveCfg = Release|Win32
		{6F1A640D-ADDB-4A5D-8510-2428C71E5D3C}.Release|x86.Build.0 = Release|Win32
		{1BAC353E-2DA4-4A57-858B-071F81A25130}.Debug|x64.ActiveCfg = Debug|x64
		{1BAC353E-2DA4-4A57-858B-071F81A25130}.Debug|x64.Build.0 = Debug|x64
		{1BAC353E-2DA4-4A57-858B-071F81A25130}.Debug|x86.ActiveCfg = Debug|Win32
		{1BAC353E-2DA4-4A57-858B-071F81A25130}.Debug|x86.Build.0 = Debug|Win32
		{1BAC353E-2DA4-4A57-858B-071F81A25130}.Release|x64.ActiveCfg = Release|x64
		{1BAC353E-2DA4-4A57-858B-071F81A25130}.Release|x64.Build.0 = Release|x64
		{1BAC353E-2DA4-4A57-858B-071F81A25130}.Release|x86.ActiveCfg = Release|Win32
		{1BAC353E-2DA4-4A57-858B-071F81A25130}.Release|x86.Build.0 = Release|Win32
		{2E8678B7-4CCB-4993-ABAE-BBC4600271FD}.Debug|x64.ActiveCfg = Debug|x64
		{2E8678B7-4CCB-4993-ABAE-BBC4600271FD}.Debug|x64.Build.0 = Debug|x64
		{2E8678B7-4CCB-4993-ABAE-BBC4600271FD}.Debug|x86.ActiveCfg = Debug|Win32
		{2E8678B7-4CCB-4993-ABAE-BBC4600271FD}.Debug|x86.Build.0 = Debug|Win32
		{2E8678B7-4CCB-4993-ABAE-BBC4600271FD}.Release|x64.ActiveCfg = Release|x64
		{2E8678B7-4CCB-4993-ABAE-BBC4600271FD}.Release|x64.Build.0 = Release|x64
		{2E8678B7-4CCB-4993-ABAE-BBC4600271FD}.Release|x86.ActiveCfg = Release|Win32
		{2E8678B7-4CCB-4993-ABAE-BBC4600271FD}.Release|x86.Build.0 = Release|Win32
		{F41DA0C4-B0EC-4DAC-86F1-A6D023816CB1}.Debug|x64.ActiveCfg = Debug|x64
		{F41DA0C4-B0EC-4DAC-86F1-A6D023816CB1}.Debug|x64.Build.0 = Debug|x64
		{F41DA0C4-B0EC-4DAC-86F1-A6D023816CB1}.Debug|x86.ActiveCfg = Debug|Win32
		{F41DA0C4-B0EC-4DAC-86F1-A6D023816CB1}.Debug|x86.Build.0 = Debug|Win32
		{F41DA0C4-B0EC-4DAC-86F1-A6D023816CB1}.Release|x64.ActiveCfg = Release|x64
		{F41DA0C4-B0EC-4DAC-86F1-A6D023816CB1}.Release|x64.Build.0 = Release|x64
		{F41DA0C4-B0EC-4DAC-86F1-A6D023816CB1}.Release|x86.ActiveCfg = Release|Win32
		{F41DA0C4-B0EC-4DAC-86F1-A6D023816CB1}.Release|x86.Build.0 = Release|Win32
		{D5EAF5F8-DB05-439E-BA07-201581044085}.Debug|x64.ActiveCfg = Debug|x64
		{D5EAF5F8-DB05-439E-BA07-201581044085}.Debug|x64.Build.0 = Debug|x64
		{D5EAF5F8-DB05-439E-BA07-201581044085}.Debug|x86.ActiveCfg = Debug|Win32
		{D5EAF5F8-DB05-439E-BA07-201581044085}.Debug|x86.Build.0 = Debug|Win32
		{D5EAF5F8-DB05-439E-BA07-201581044085}.Release|x64.ActiveCfg = Release|x64
		{D5EAF5F8-DB05-439E-BA07-201581044085}.Release|x64.Build.0 = Release|x64
		{D5EAF5F8-DB05-439E-BA07-201581044085}.Release|x86.ActiveCfg = Release|Win32
		{D5EAF5F8-DB05-439E-BA07-201581044085}.Release|x86.Build.0 = Release|Win32
		{EAB60DEF-B091-4A78-90DE-A54D4259A626}.Debug|x64.ActiveCfg = Debug|x64
		{EAB60DEF-B091-4A78-90DE-A54D4259A626}.Debug|x64.Build.0 = Debug|x64
		{EAB60DEF-B091-4A78-90DE-A54D4259A626}.Debug|x86.ActiveCfg = Debug|Win32
		{EAB60DEF-B091-4A78-90DE-A54D4259A626}.Debug|x86.Build.0 = Debug|Win32
		{EAB60DEF-B091-4A78-90DE-A54D4259A626}.Release|x64.ActiveCfg = Release|x64
		{EAB60DEF-B091-4A78-90DE-A54D4259A626}.Release|x64.Build.0 = Release|x64
		{EAB60DEF-B091-4A78-90DE-A54D4259A626}.Release|x86.ActiveCfg = Release|Win32
		{EAB60DEF-B091-4A78-90DE-A54D4259A626}.Release|x86.Build.0 = Release|Win32
		{860115CE-FE79-48D5-8CA6-DC03E8712ECF}.Debug|x64.ActiveCfg = Debug|x64
		{860115CE-FE79-48D5-8CA6-DC03E8712ECF}.Debug|x64.Build.0 = Debug|x64
		{860115CE-FE79-48D5-8CA6-DC03E8712ECF}.Debug|x86.ActiveCfg = Debug|Win32
		{860115CE-FE79-48D5-8CA6-DC03E8712ECF}.Debug|x86.Build.0 = Debug|Win32
		{860115CE-FE79-48D5-8CA6-DC03E8712ECF}.Release|x64.ActiveCfg = Release|x64
		{860115CE-FE79-48D5-8CA6-DC03E8712ECF}.Release|x64.Build.0 = Release|x64
		{860115CE-FE79-48D5-8CA6-DC03E8712ECF}.Release|x86.ActiveCfg = Release|Win32
		{860115CE-FE79-48D5-8CA6-DC03E8712ECF}.Release|x86.Build.0 = Release|Win32
		{E7BA2753-314F-456C-AE61-AB4BFC8210A4}.Debug|x64.ActiveCfg = Debug|x64
		{E7BA2753-314F-456C-AE61-AB4BFC8210A4}.Debug|x64.Build.0 = Debug|x64
		{E7BA2753-314F-456C-AE61-AB4BFC8210A4}.Debug|x86.ActiveCfg = Debug|Win32
		{E7BA2753-314F-456C-AE61-AB4BFC8210A4}.Debug|x86.Build.0 = Debug|Win32
		{E7BA2753-314F-456C-AE61-AB4BFC8210A4}.Release|x64.ActiveCfg = Release|x64
		{E7BA2753-314F-456C-AE61-AB4BFC8210A4}.Release|x64.Build.0 = Release|x64
		{E7BA2753-314F-456C-AE61-AB4BFC8210A4}.Release|x86.ActiveCfg = Release|Win32
		{E7BA2753-314F-456C-AE61-AB4BFC8210A4}.Release|x86.Build.0 = Release|Win32
		{59B94005-CBF5-4B0E-BCEA-F42AB11AAA98}.Debug|x64.ActiveCfg = Debug|x64
		{59B94005-CBF5-4B0E-BCEA-F42AB11AAA98}.Debug|x64.Build.0 = Debug|x64
		{59B94005-CBF5-4B0E-BCEA-F42AB11AAA98}.Debug|x86.ActiveCfg = Debug|Win32
		{59B94005-CBF5-4B0E-BCEA-F42AB11AAA98}.Debug|x86.Build.0 = Debug|Win32
		{59B94005-CBF5-4B0E-BCEA-F42AB11AAA98}.Release|x64.ActiveCfg = Release|x64
		{59B94005-CBF5-4B0E-BCEA-F42AB11AAA98}.Release|x64.Build.0 = Release|x64
		{59B94005-CBF5-4B0E-BCEA-F42AB11AAA98}.Release|x86.ActiveCfg = Release|Win32
		{59B94005-CBF5-4B0E-BCEA-F42AB11AAA98}.Release|x86.Build.0 = Release|Win32
		{1972E523-2FF7-4AC6-93F3-7921E332F2BD}.Debug|x64.ActiveCfg = Debug|x64
		{1972E523-2FF7-4AC6-93F3-7921E332F2BD}.Debug|x64.Build.0 = Debug|x64
		{1972E523-2FF7-4AC6-93F3-7921E332F2BD}.Debug|x86.ActiveCfg = Debug|Win32
		{1972E523-2FF7-4AC6-93F3-7921E332F2BD}.Debug|x86.Build.0 = Debug|Win32
		{1972E523-2FF7-4AC6-93F3-7921E332F2BD}.Release|x64.ActiveCfg = Release|x64
		{1972E523-2FF7-4AC6-93F3-7921E332F2BD}.Release|x64.Build.0 = Release|x64
		{1972E523-2FF7-4AC6-93F3-7921E332F2BD}.Release|x86.ActiveCfg = Release|Win32
		{1972E523-2FF7-4AC6-93F3-7921E332F2BD}.Release|x86.Build.0 = Release|Win32
		{85DFCA2B-AD18-48F9-AED9-CBC3BBA14657}.Debug|x64.ActiveCfg = Debug|x64
		{85DFCA2B-AD18-48F9-AED9-CBC3BBA14657}.Debug|x64.Build.0 = Debug|x64
		{85DFCA2B-AD18-48F9-AED9-CBC3BBA14657}.Debug|x86.ActiveCfg = Debug|Win32
		{85DFCA2B-AD18-48F9-AED9-CBC3BBA14657}.Debug|x86.Build.0 = Debug|Win32
		{85DFCA2B-AD18-48F9-AED9-CBC3BBA14657}.Release|x64.ActiveCfg = Release|x64
		{85DFCA2B-AD18-48F9-AED9-CBC3BBA14657}.Release|x64.Build.0 = Release|x64
		{85DFCA2B-AD18-48F9-AED9-CBC3BBA14657}.Release|x86.ActiveCfg = Release|Win32
		{85DFCA2B-AD18-48F9-AED9-CBC3BBA14657}.Release|x86.Build.0 = Release|Win32
	EndGlobalSection
	GlobalSection(SolutionProperties) = preSolution
		HideSolutionNode = FALSE
	EndGlobalSection
	GlobalSection(NestedProjects) = preSolution
		{293A7920-B517-4A24-9B20-C47EFF2DC5F9} = {D903BCEA-E1CB-4F4A-86DF-887781D03727}
		{EE62E90A-0063-4993-BAEF-709B7D79013E} = {D903BCEA-E1CB-4F4A-86DF-887781D03727}
		{65C6C08C-3131-48E1-A2AE-5703AD86CD56} = {D903BCEA-E1CB-4F4A-86DF-887781D03727}
		{FACDC36F-6E21-4FBE-B1E3-276FF69E5C61} = {D903BCEA-E1CB-4F4A-86DF-887781D03727}
		{BE96FB4E-BEBB-4BBE-A1FD-91BFEF1060D3} = {D903BCEA-E1CB-4F4A-86DF-887781D03727}
		{1972E523-2FF7-4AC6-93F3-7921E332F2BD} = {D903BCEA-E1CB-4F4A-86DF-887781D03727}
		{85DFCA2B-AD18-48F9-AED9-CBC3BBA14657} = {199AF6D4-5898-4673-8B9D-8CB129100E57}
	EndGlobalSection
	GlobalSection(ExtensibilityGlobals) = postSolution
		SolutionGuid = {2284A9D9-DB05-4966-AB05-9613AC9505AD}
	EndGlobalSection
EndGlobal
